
Microsoft Visual Studio Solution File, Format Version 12.00
# Visual Studio Version 16
VisualStudioVersion = 16.0.29806.167
MinimumVisualStudioVersion = 10.0.40219.1
Project("{9A19103F-16F7-4668-BE54-9A1E7A4F7556}") = "WandaWebAdmin", "WandaWebAdmin.csproj", "{0E481C8C-0006-4943-80D4-425154572CDB}"
EndProject
Project("{FAE04EC0-301F-11D3-BF4B-00C04F79EFBC}") = "AdminConsoleApp", "..\AdminConsoleApp\AdminConsoleApp.csproj", "{306E464E-0696-4ED7-8DEC-3CF0C312EFAF}"
EndProject
Global
	GlobalSection(SolutionConfigurationPlatforms) = preSolution
		Debug|Any CPU = Debug|Any CPU
		Release|Any CPU = Release|Any CPU
	EndGlobalSection
	GlobalSection(ProjectConfigurationPlatforms) = postSolution
		{0E481C8C-0006-4943-80D4-425154572CDB}.Debug|Any CPU.ActiveCfg = Debug|Any CPU
		{0E481C8C-0006-4943-80D4-425154572CDB}.Debug|Any CPU.Build.0 = Debug|Any CPU
		{0E481C8C-0006-4943-80D4-425154572CDB}.Release|Any CPU.ActiveCfg = Release|Any CPU
		{0E481C8C-0006-4943-80D4-425154572CDB}.Release|Any CPU.Build.0 = Release|Any CPU
		{306E464E-0696-4ED7-8DEC-3CF0C312EFAF}.Debug|Any CPU.ActiveCfg = Debug|Any CPU
		{306E464E-0696-4ED7-8DEC-3CF0C312EFAF}.Debug|Any CPU.Build.0 = Debug|Any CPU
		{306E464E-0696-4ED7-8DEC-3CF0C312EFAF}.Release|Any CPU.ActiveCfg = Release|Any CPU
		{306E464E-0696-4ED7-8DEC-3CF0C312EFAF}.Release|Any CPU.Build.0 = Release|Any CPU
	EndGlobalSection
	GlobalSection(SolutionProperties) = preSolution
		HideSolutionNode = FALSE
	EndGlobalSection
	GlobalSection(ExtensibilityGlobals) = postSolution
		SolutionGuid = {DBFCE8A6-BE22-45DD-9887-EB517F07AA8E}
	EndGlobalSection
EndGlobal
